
Microsoft Visual Studio Solution File, Format Version 12.00
# Visual Studio Version 17
VisualStudioVersion = 17.9.34902.65
MinimumVisualStudioVersion = 10.0.40219.1
Project("{FAE04EC0-301F-11D3-BF4B-00C04F79EFBC}") = "PR_3", "PR_3\PR_3.csproj", "{2AF2DC22-4DCB-4378-805F-DC7EC59C96DD}"
EndProject
Global
	GlobalSection(SolutionConfigurationPlatforms) = preSolution
		Debug|Any CPU = Debug|Any CPU
		Release|Any CPU = Release|Any CPU
	EndGlobalSection
	GlobalSection(ProjectConfigurationPlatforms) = postSolution
		{2AF2DC22-4DCB-4378-805F-DC7EC59C96DD}.Debug|Any CPU.ActiveCfg = Debug|Any CPU
		{2AF2DC22-4DCB-4378-805F-DC7EC59C96DD}.Debug|Any CPU.Build.0 = Debug|Any CPU
		{2AF2DC22-4DCB-4378-805F-DC7EC59C96DD}.Release|Any CPU.ActiveCfg = Release|Any CPU
		{2AF2DC22-4DCB-4378-805F-DC7EC59C96DD}.Release|Any CPU.Build.0 = Release|Any CPU
	EndGlobalSection
	GlobalSection(SolutionProperties) = preSolution
		HideSolutionNode = FALSE
	EndGlobalSection
	GlobalSection(ExtensibilityGlobals) = postSolution
		SolutionGuid = {11D43214-BE27-44EE-BE63-4AF279C39B49}
	EndGlobalSection
EndGlobal
